
Microsoft Visual Studio Solution File, Format Version 12.00
# Visual Studio Version 17
VisualStudioVersion = 17.14.37012.4 d17.14
MinimumVisualStudioVersion = 10.0.40219.1
Project("{FAE04EC0-301F-11D3-BF4B-00C04F79EFBC}") = "DemoEmployee.Client", "DemoEmployee.Client\DemoEmployee.Client.csproj", "{AAD2D9B3-CA21-4582-A6B8-5B2E9A7B6F0D}"
EndProject
Project("{FAE04EC0-301F-11D3-BF4B-00C04F79EFBC}") = "DemoEmployee.Server", "DemoEmployee.Server\DemoEmployee.Server.csproj", "{DE2F317D-2370-485B-AC67-73FAC56F801F}"
EndProject
Global
	GlobalSection(SolutionConfigurationPlatforms) = preSolution
		Debug|Any CPU = Debug|Any CPU
		Release|Any CPU = Release|Any CPU
	EndGlobalSection
	GlobalSection(ProjectConfigurationPlatforms) = postSolution
		{AAD2D9B3-CA21-4582-A6B8-5B2E9A7B6F0D}.Debug|Any CPU.ActiveCfg = Debug|Any CPU
		{AAD2D9B3-CA21-4582-A6B8-5B2E9A7B6F0D}.Debug|Any CPU.Build.0 = Debug|Any CPU
		{AAD2D9B3-CA21-4582-A6B8-5B2E9A7B6F0D}.Release|Any CPU.ActiveCfg = Release|Any CPU
		{AAD2D9B3-CA21-4582-A6B8-5B2E9A7B6F0D}.Release|Any CPU.Build.0 = Release|Any CPU
		{DE2F317D-2370-485B-AC67-73FAC56F801F}.Debug|Any CPU.ActiveCfg = Debug|Any CPU
		{DE2F317D-2370-485B-AC67-73FAC56F801F}.Debug|Any CPU.Build.0 = Debug|Any CPU
		{DE2F317D-2370-485B-AC67-73FAC56F801F}.Release|Any CPU.ActiveCfg = Release|Any CPU
		{DE2F317D-2370-485B-AC67-73FAC56F801F}.Release|Any CPU.Build.0 = Release|Any CPU
	EndGlobalSection
	GlobalSection(SolutionProperties) = preSolution
		HideSolutionNode = FALSE
	EndGlobalSection
	GlobalSection(ExtensibilityGlobals) = postSolution
		SolutionGuid = {FCF636DC-3D74-48D6-A35A-6AA58424BD1B}
	EndGlobalSection
EndGlobal
